<?xml version="1.0" encoding="utf-8"?>
<Project ToolsVersion="4.0" xmlns="http://schemas.microsoft.com/developer/msbuild/2003">
  <ItemGroup>
    <Filter Include="00.Main">
      <UniqueIdentifier>{feb05edf-0ba1-44fc-bcde-0f3ac44e933f}</UniqueIdentifier>
    </Filter>
    <Filter Include="01.GameServer">
      <UniqueIdentifier>{0c83ac65-82cf-45cb-80c0-578dce5cfd10}</UniqueIdentifier>
    </Filter>
    <Filter Include="03.Packet">
      <UniqueIdentifier>{4bb86d09-76ce-4c05-aeac-e7bb948d7b8b}</UniqueIdentifier>
    </Filter>
    <Filter Include="02.Socket">
      <UniqueIdentifier>{13a55354-0755-4bc5-9cb5-bd247d497ee8}</UniqueIdentifier>
    </Filter>
    <Filter Include="04.gRPC">
      <UniqueIdentifier>{2d01730e-8173-4175-ac63-3ecb07226ffe}</UniqueIdentifier>
    </Filter>
    <Filter Include="06.Chat">
      <UniqueIdentifier>{554c5466-b727-4e59-bd08-21d912d7a19a}</UniqueIdentifier>
    </Filter>
    <Filter Include="07.Game">
      <UniqueIdentifier>{f1fa88ea-8dd9-4671-83b7-9ecf1146b659}</UniqueIdentifier>
    </Filter>
    <Filter Include="07.Game\Player">
      <UniqueIdentifier>{ff0213ca-4d87-45e0-bd08-f6d96c5eceaf}</UniqueIdentifier>
    </Filter>
    <Filter Include="07.Game\Monster">
      <UniqueIdentifier>{0faa14fb-f628-4234-8bba-45489246e517}</UniqueIdentifier>
    </Filter>
    <Filter Include="07.Game\World">
      <UniqueIdentifier>{d080adb4-04e5-4c53-b831-5017c8495649}</UniqueIdentifier>
    </Filter>
    <Filter Include="05.Database">
      <UniqueIdentifier>{46b149b9-3b11-4aba-8de0-b5a5801495e0}</UniqueIdentifier>
    </Filter>
  </ItemGroup>
  <ItemGroup>
    <ClCompile Include="..\Private\TH_GameServer.cpp">
      <Filter>00.Main</Filter>
    </ClCompile>
    <ClCompile Include="..\Private\GameServer.cpp">
      <Filter>01.GameServer</Filter>
    </ClCompile>
    <ClCompile Include="..\Private\Socket_System.cpp">
      <Filter>02.Socket</Filter>
    </ClCompile>
    <ClCompile Include="..\Private\Packet_System.cpp">
      <Filter>03.Packet</Filter>
    </ClCompile>
    <ClCompile Include="..\Private\Chat_System.cpp">
      <Filter>06.Chat</Filter>
    </ClCompile>
    <ClCompile Include="..\Private\Game_System.cpp">
      <Filter>07.Game</Filter>
    </ClCompile>
    <ClCompile Include="..\Private\Player.cpp">
      <Filter>07.Game\Player</Filter>
    </ClCompile>
    <ClCompile Include="..\Private\World.cpp">
      <Filter>07.Game\World</Filter>
    </ClCompile>
    <ClCompile Include="..\Private\gRPC_System.cpp">
      <Filter>04.gRPC</Filter>
    </ClCompile>
    <ClCompile Include="..\Private\Database_System.cpp">
      <Filter>05.Database</Filter>
    </ClCompile>
  </ItemGroup>
  <ItemGroup>
    <ClInclude Include="..\Public\GameServer.h">
      <Filter>01.GameServer</Filter>
    </ClInclude>
    <ClInclude Include="..\Public\Socket_System.h">
      <Filter>02.Socket</Filter>
    </ClInclude>
    <ClInclude Include="..\Public\Packet_System.h">
      <Filter>03.Packet</Filter>
    </ClInclude>
    <ClInclude Include="..\Public\Chat_System.h">
      <Filter>06.Chat</Filter>
    </ClInclude>
    <ClInclude Include="..\Public\Game_System.h">
      <Filter>07.Game</Filter>
    </ClInclude>
    <ClInclude Include="..\Public\Player.h">
      <Filter>07.Game\Player</Filter>
    </ClInclude>
    <ClInclude Include="..\Public\World.h">
      <Filter>07.Game\World</Filter>
    </ClInclude>
    <ClInclude Include="..\Public\gRPC_System.h">
      <Filter>04.gRPC</Filter>
    </ClInclude>
    <ClInclude Include="..\Public\Database_System.h">
      <Filter>05.Database</Filter>
    </ClInclude>
  </ItemGroup>
</Project>